
Microsoft Visual Studio Solution File, Format Version 12.00
# Visual Studio 15
VisualStudioVersion = 15.0.28307.168
MinimumVisualStudioVersion = 10.0.40219.1
Project("{2150E333-8FDC-42A3-9474-1A3956D46DE8}") = "mapsdb", "mapsdb", "{4F942F2C-09A6-48BB-ABB0-060AABF67F4A}"
	ProjectSection(SolutionItems) = preProject
		mapsdb\broodwar-map-of-the-week.xml = mapsdb\broodwar-map-of-the-week.xml
		mapsdb\index.html = mapsdb\index.html
		mapsdb\index.js = mapsdb\index.js
		mapsdb\mapsdb.xsd = mapsdb\mapsdb.xsd
		mapsdb\starcraft-map-of-the-week.xml = mapsdb\starcraft-map-of-the-week.xml
		mapsdb\starcraft-tournament-maps.xml = mapsdb\starcraft-tournament-maps.xml
		mapsdb\to-html.xslt = mapsdb\to-html.xslt
		mapsdb\to-json.xslt = mapsdb\to-json.xslt
		mapsdb\to-plain-text.xslt = mapsdb\to-plain-text.xslt
		mapsdb\warcraft-maps.xml = mapsdb\warcraft-maps.xml
		mapsdb\warcraft2-map-of-the-week.xml = mapsdb\warcraft2-map-of-the-week.xml
	EndProjectSection
EndProject
Project("{9092AA53-FB77-4645-B42D-1CCCA6BD08BD}") = "dev-server", "dev-server\dev-server.njsproj", "{773431A2-CE14-4F15-B0C4-1FC540D6AF19}"
EndProject
Global
	GlobalSection(SolutionConfigurationPlatforms) = preSolution
		Debug|Any CPU = Debug|Any CPU
		Release|Any CPU = Release|Any CPU
	EndGlobalSection
	GlobalSection(ProjectConfigurationPlatforms) = postSolution
		{773431A2-CE14-4F15-B0C4-1FC540D6AF19}.Debug|Any CPU.ActiveCfg = Debug|Any CPU
		{773431A2-CE14-4F15-B0C4-1FC540D6AF19}.Debug|Any CPU.Build.0 = Debug|Any CPU
		{773431A2-CE14-4F15-B0C4-1FC540D6AF19}.Release|Any CPU.ActiveCfg = Release|Any CPU
		{773431A2-CE14-4F15-B0C4-1FC540D6AF19}.Release|Any CPU.Build.0 = Release|Any CPU
	EndGlobalSection
	GlobalSection(SolutionProperties) = preSolution
		HideSolutionNode = FALSE
	EndGlobalSection
	GlobalSection(ExtensibilityGlobals) = postSolution
		SolutionGuid = {FD825C79-79DD-4BB2-8137-AAE0C1B220CE}
	EndGlobalSection
EndGlobal
