
Microsoft Visual Studio Solution File, Format Version 12.00
# Visual Studio 15
VisualStudioVersion = 15.0.28307.168
MinimumVisualStudioVersion = 10.0.40219.1
Project("{2150E333-8FDC-42A3-9474-1A3956D46DE8}") = "Solution Items", "Solution Items", "{841837DE-9797-4630-A43C-F9264D12773E}"
	ProjectSection(SolutionItems) = preProject
		example.xml = example.xml
		mapsdb.xsd = mapsdb.xsd
	EndProjectSection
EndProject
Global
	GlobalSection(SolutionProperties) = preSolution
		HideSolutionNode = FALSE
	EndGlobalSection
	GlobalSection(ExtensibilityGlobals) = postSolution
		SolutionGuid = {FD825C79-79DD-4BB2-8137-AAE0C1B220CE}
	EndGlobalSection
EndGlobal
